Microsoft Visual Studio Solution File, Format Version 12.00
# Visual Studio Version 17
VisualStudioVersion = 17.5.2.0
MinimumVisualStudioVersion = 10.0.40219.1
Project("{FAE04EC0-301F-11D3-BF4B-00C04F79EFBC}") = "RT_2", "RT_2.csproj", "{75650D6C-816B-D382-4BA4-0484B5489C71}"
EndProject
Global
	GlobalSection(SolutionConfigurationPlatforms) = preSolution
		Debug|Any CPU = Debug|Any CPU
		Release|Any CPU = Release|Any CPU
	EndGlobalSection
	GlobalSection(ProjectConfigurationPlatforms) = postSolution
		{75650D6C-816B-D382-4BA4-0484B5489C71}.Debug|Any CPU.ActiveCfg = Debug|Any CPU
		{75650D6C-816B-D382-4BA4-0484B5489C71}.Debug|Any CPU.Build.0 = Debug|Any CPU
		{75650D6C-816B-D382-4BA4-0484B5489C71}.Release|Any CPU.ActiveCfg = Release|Any CPU
		{75650D6C-816B-D382-4BA4-0484B5489C71}.Release|Any CPU.Build.0 = Release|Any CPU
	EndGlobalSection
	GlobalSection(SolutionProperties) = preSolution
		HideSolutionNode = FALSE
	EndGlobalSection
	GlobalSection(ExtensibilityGlobals) = postSolution
		SolutionGuid = {64C6E064-B520-403B-9C7D-3A6669FDD3DA}
	EndGlobalSection
EndGlobal
